
Microsoft Visual Studio Solution File, Format Version 12.00
# Visual Studio Version 16
VisualStudioVersion = 16.0.30517.126
MinimumVisualStudioVersion = 10.0.40219.1
Project("{FAE04EC0-301F-11D3-BF4B-00C04F79EFBC}") = "Calc1.0", "Calc1.0\Calc1.0.csproj", "{FFB3DC2F-8E24-45BC-BDC7-E8DB7865CE98}"
EndProject
Project("{FAE04EC0-301F-11D3-BF4B-00C04F79EFBC}") = "Operazioni", "Operazioni\Operazioni.csproj", "{A6E4307C-6880-4EF3-B147-13594CC49FCB}"
EndProject
Global
	GlobalSection(SolutionConfigurationPlatforms) = preSolution
		Debug|Any CPU = Debug|Any CPU
		Release|Any CPU = Release|Any CPU
	EndGlobalSection
	GlobalSection(ProjectConfigurationPlatforms) = postSolution
		{FFB3DC2F-8E24-45BC-BDC7-E8DB7865CE98}.Debug|Any CPU.ActiveCfg = Debug|Any CPU
		{FFB3DC2F-8E24-45BC-BDC7-E8DB7865CE98}.Debug|Any CPU.Build.0 = Debug|Any CPU
		{FFB3DC2F-8E24-45BC-BDC7-E8DB7865CE98}.Release|Any CPU.ActiveCfg = Release|Any CPU
		{FFB3DC2F-8E24-45BC-BDC7-E8DB7865CE98}.Release|Any CPU.Build.0 = Release|Any CPU
		{A6E4307C-6880-4EF3-B147-13594CC49FCB}.Debug|Any CPU.ActiveCfg = Debug|Any CPU
		{A6E4307C-6880-4EF3-B147-13594CC49FCB}.Debug|Any CPU.Build.0 = Debug|Any CPU
		{A6E4307C-6880-4EF3-B147-13594CC49FCB}.Release|Any CPU.ActiveCfg = Release|Any CPU
		{A6E4307C-6880-4EF3-B147-13594CC49FCB}.Release|Any CPU.Build.0 = Release|Any CPU
	EndGlobalSection
	GlobalSection(SolutionProperties) = preSolution
		HideSolutionNode = FALSE
	EndGlobalSection
	GlobalSection(ExtensibilityGlobals) = postSolution
		SolutionGuid = {18CFB984-BA83-48CF-B271-26F26E32A488}
	EndGlobalSection
EndGlobal
